{
  "originHash" : "076f61f12ee8a3d2f6fd9fb2166b29a0423e060a20f90e1742ae2c6328662db6",
  "pins" : [
    {
      "identity" : "mapkit-caching-tile-overlay",
      "kind" : "remoteSourceControl",
      "location" : "https://github.com/stadiamaps/mapkit-caching-tile-overlay.git",
      "state" : {
        "branch" : "main",
        "revision" : "96381a5ba0031148c7f84bd61f988494f7de2794"
      }
    }
  ],
  "version" : 3
}
